
Microsoft Visual Studio Solution File, Format Version 12.00
# Visual Studio Version 16
VisualStudioVersion = 16.0.30503.244
MinimumVisualStudioVersion = 10.0.40219.1
Project("{FAE04EC0-301F-11D3-BF4B-00C04F79EFBC}") = "3080ReleaseTool", "3080ReleaseTool\3080ReleaseTool.csproj", "{AB5FDBAA-1388-47AC-BBB0-2AF185E3C06B}"
EndProject
Global
	GlobalSection(SolutionConfigurationPlatforms) = preSolution
		Debug|Any CPU = Debug|Any CPU
		Release|Any CPU = Release|Any CPU
	EndGlobalSection
	GlobalSection(ProjectConfigurationPlatforms) = postSolution
		{AB5FDBAA-1388-47AC-BBB0-2AF185E3C06B}.Debug|Any CPU.ActiveCfg = Debug|Any CPU
		{AB5FDBAA-1388-47AC-BBB0-2AF185E3C06B}.Debug|Any CPU.Build.0 = Debug|Any CPU
		{AB5FDBAA-1388-47AC-BBB0-2AF185E3C06B}.Release|Any CPU.ActiveCfg = Release|Any CPU
		{AB5FDBAA-1388-47AC-BBB0-2AF185E3C06B}.Release|Any CPU.Build.0 = Release|Any CPU
	EndGlobalSection
	GlobalSection(SolutionProperties) = preSolution
		HideSolutionNode = FALSE
	EndGlobalSection
	GlobalSection(ExtensibilityGlobals) = postSolution
		SolutionGuid = {A22C1F97-B50C-4E16-BDA7-4233D20AFBF4}
	EndGlobalSection
EndGlobal
